
Microsoft Visual Studio Solution File, Format Version 11.00
# Visual Studio 2010
Project("{FAE04EC0-301F-11D3-BF4B-00C04F79EFBC}") = "Figurer", "Figurer\Figurer.csproj", "{C6DBB67C-AC94-4D51-9B85-5F45669D6DCF}"
EndProject
Global
	GlobalSection(SolutionConfigurationPlatforms) = preSolution
		Debug|x86 = Debug|x86
		Release|x86 = Release|x86
	EndGlobalSection
	GlobalSection(ProjectConfigurationPlatforms) = postSolution
		{C6DBB67C-AC94-4D51-9B85-5F45669D6DCF}.Debug|x86.ActiveCfg = Debug|x86
		{C6DBB67C-AC94-4D51-9B85-5F45669D6DCF}.Debug|x86.Build.0 = Debug|x86
		{C6DBB67C-AC94-4D51-9B85-5F45669D6DCF}.Release|x86.ActiveCfg = Release|x86
		{C6DBB67C-AC94-4D51-9B85-5F45669D6DCF}.Release|x86.Build.0 = Release|x86
	EndGlobalSection
	GlobalSection(SolutionProperties) = preSolution
		HideSolutionNode = FALSE
	EndGlobalSection
EndGlobal
